
Microsoft Visual Studio Solution File, Format Version 12.00
# Visual Studio 15
VisualStudioVersion = 15.0.28307.852
MinimumVisualStudioVersion = 10.0.40219.1
Project("{FAE04EC0-301F-11D3-BF4B-00C04F79EFBC}") = "BuoiThucHanh1", "BuoiThucHanh1\BuoiThucHanh1.csproj", "{2FA60927-CE77-47DA-B95B-EFDBAEE8F077}"
EndProject
Global
	GlobalSection(SolutionConfigurationPlatforms) = preSolution
		Debug|Any CPU = Debug|Any CPU
		Release|Any CPU = Release|Any CPU
	EndGlobalSection
	GlobalSection(ProjectConfigurationPlatforms) = postSolution
		{2FA60927-CE77-47DA-B95B-EFDBAEE8F077}.Debug|Any CPU.ActiveCfg = Debug|Any CPU
		{2FA60927-CE77-47DA-B95B-EFDBAEE8F077}.Debug|Any CPU.Build.0 = Debug|Any CPU
		{2FA60927-CE77-47DA-B95B-EFDBAEE8F077}.Release|Any CPU.ActiveCfg = Release|Any CPU
		{2FA60927-CE77-47DA-B95B-EFDBAEE8F077}.Release|Any CPU.Build.0 = Release|Any CPU
	EndGlobalSection
	GlobalSection(SolutionProperties) = preSolution
		HideSolutionNode = FALSE
	EndGlobalSection
	GlobalSection(ExtensibilityGlobals) = postSolution
		SolutionGuid = {A63BEFE3-4651-4EF7-B9F0-4C6445475033}
	EndGlobalSection
EndGlobal
